github.com/jpanther/congo/v2 v2.13.0 h1:kI73uW3e9aiPuN9so6lzZg+iEW8UVTmIPCNZvJ1cijI=
github.com/jpanther/congo/v2 v2.13.0/go.mod h1:1S7DRoO1ZYS4YUdFd1LjTkdyjQwsjFWd8TqSfz3Jd+M=
github.com/mfg92/hugo-shortcode-gallery v1.4.0 h1:QS6L448HSnMSJwnH4HY+euTemuK1Dsq6lfYIRU8cLV4=
github.com/mfg92/hugo-shortcode-gallery v1.4.0/go.mod h1:SEdbeBGSMX2lP+4nCqqy9AyTWWktUMWXYnR3r1l01Rw=
